
Microsoft Visual Studio Solution File, Format Version 12.00
# Visual Studio Version 17
VisualStudioVersion = 17.6.33801.468
MinimumVisualStudioVersion = 10.0.40219.1
Project("{9A19103F-16F7-4668-BE54-9A1E7A4F7556}") = "Worker", "Poc.Debezium.Kafka.Consumer\Worker.csproj", "{CD90EAD9-5FB1-4B34-B480-EB67674670EB}"
EndProject
Project("{9A19103F-16F7-4668-BE54-9A1E7A4F7556}") = "Domain", "Domain\Domain.csproj", "{E7E9069F-7BF8-441E-8192-021B66205391}"
EndProject
Project("{9A19103F-16F7-4668-BE54-9A1E7A4F7556}") = "Infra", "Infra\Infra.csproj", "{20363865-FDA1-49D7-B280-3E9B6B32BF0E}"
EndProject
Project("{2150E333-8FDC-42A3-9474-1A3956D46DE8}") = "src", "src", "{EECD76E6-4752-4187-8F08-B34A6D42B73B}"
EndProject
Project("{2150E333-8FDC-42A3-9474-1A3956D46DE8}") = "tests", "tests", "{AC80730C-98EE-4183-98B1-4A2B15A7AACD}"
EndProject
Project("{9A19103F-16F7-4668-BE54-9A1E7A4F7556}") = "UnitTests", "UnitTests\UnitTests.csproj", "{142737C9-F0A9-4C2A-88FD-20BA6DB5AB68}"
EndProject
Project("{FAE04EC0-301F-11D3-BF4B-00C04F79EFBC}") = "Application", "Application\Application.csproj", "{4C964C52-51F1-4F29-B9D5-8DAD32640669}"
EndProject
Global
	GlobalSection(SolutionConfigurationPlatforms) = preSolution
		Debug|Any CPU = Debug|Any CPU
		Release|Any CPU = Release|Any CPU
	EndGlobalSection
	GlobalSection(ProjectConfigurationPlatforms) = postSolution
		{CD90EAD9-5FB1-4B34-B480-EB67674670EB}.Debug|Any CPU.ActiveCfg = Debug|Any CPU
		{CD90EAD9-5FB1-4B34-B480-EB67674670EB}.Debug|Any CPU.Build.0 = Debug|Any CPU
		{CD90EAD9-5FB1-4B34-B480-EB67674670EB}.Release|Any CPU.ActiveCfg = Release|Any CPU
		{CD90EAD9-5FB1-4B34-B480-EB67674670EB}.Release|Any CPU.Build.0 = Release|Any CPU
		{E7E9069F-7BF8-441E-8192-021B66205391}.Debug|Any CPU.ActiveCfg = Debug|Any CPU
		{E7E9069F-7BF8-441E-8192-021B66205391}.Debug|Any CPU.Build.0 = Debug|Any CPU
		{E7E9069F-7BF8-441E-8192-021B66205391}.Release|Any CPU.ActiveCfg = Release|Any CPU
		{E7E9069F-7BF8-441E-8192-021B66205391}.Release|Any CPU.Build.0 = Release|Any CPU
		{20363865-FDA1-49D7-B280-3E9B6B32BF0E}.Debug|Any CPU.ActiveCfg = Debug|Any CPU
		{20363865-FDA1-49D7-B280-3E9B6B32BF0E}.Debug|Any CPU.Build.0 = Debug|Any CPU
		{20363865-FDA1-49D7-B280-3E9B6B32BF0E}.Release|Any CPU.ActiveCfg = Release|Any CPU
		{20363865-FDA1-49D7-B280-3E9B6B32BF0E}.Release|Any CPU.Build.0 = Release|Any CPU
		{142737C9-F0A9-4C2A-88FD-20BA6DB5AB68}.Debug|Any CPU.ActiveCfg = Debug|Any CPU
		{142737C9-F0A9-4C2A-88FD-20BA6DB5AB68}.Debug|Any CPU.Build.0 = Debug|Any CPU
		{142737C9-F0A9-4C2A-88FD-20BA6DB5AB68}.Release|Any CPU.ActiveCfg = Release|Any CPU
		{142737C9-F0A9-4C2A-88FD-20BA6DB5AB68}.Release|Any CPU.Build.0 = Release|Any CPU
		{4C964C52-51F1-4F29-B9D5-8DAD32640669}.Debug|Any CPU.ActiveCfg = Debug|Any CPU
		{4C964C52-51F1-4F29-B9D5-8DAD32640669}.Debug|Any CPU.Build.0 = Debug|Any CPU
		{4C964C52-51F1-4F29-B9D5-8DAD32640669}.Release|Any CPU.ActiveCfg = Release|Any CPU
		{4C964C52-51F1-4F29-B9D5-8DAD32640669}.Release|Any CPU.Build.0 = Release|Any CPU
	EndGlobalSection
	GlobalSection(SolutionProperties) = preSolution
		HideSolutionNode = FALSE
	EndGlobalSection
	GlobalSection(NestedProjects) = preSolution
		{CD90EAD9-5FB1-4B34-B480-EB67674670EB} = {EECD76E6-4752-4187-8F08-B34A6D42B73B}
		{E7E9069F-7BF8-441E-8192-021B66205391} = {EECD76E6-4752-4187-8F08-B34A6D42B73B}
		{20363865-FDA1-49D7-B280-3E9B6B32BF0E} = {EECD76E6-4752-4187-8F08-B34A6D42B73B}
		{142737C9-F0A9-4C2A-88FD-20BA6DB5AB68} = {AC80730C-98EE-4183-98B1-4A2B15A7AACD}
		{4C964C52-51F1-4F29-B9D5-8DAD32640669} = {EECD76E6-4752-4187-8F08-B34A6D42B73B}
	EndGlobalSection
	GlobalSection(ExtensibilityGlobals) = postSolution
		SolutionGuid = {4937F7D4-9784-454A-90C3-CFC4FD96F636}
	EndGlobalSection
EndGlobal
