
Microsoft Visual Studio Solution File, Format Version 12.00
# Visual Studio Version 17
VisualStudioVersion = 17.6.33801.468
MinimumVisualStudioVersion = 10.0.40219.1
Project("{FAE04EC0-301F-11D3-BF4B-00C04F79EFBC}") = "Poc.Debezium.Kafka.Consumer", "Poc.Debezium.Kafka.Consumer\Poc.Debezium.Kafka.Consumer.csproj", "{CD90EAD9-5FB1-4B34-B480-EB67674670EB}"
EndProject
Global
	GlobalSection(SolutionConfigurationPlatforms) = preSolution
		Debug|Any CPU = Debug|Any CPU
		Release|Any CPU = Release|Any CPU
	EndGlobalSection
	GlobalSection(ProjectConfigurationPlatforms) = postSolution
		{CD90EAD9-5FB1-4B34-B480-EB67674670EB}.Debug|Any CPU.ActiveCfg = Debug|Any CPU
		{CD90EAD9-5FB1-4B34-B480-EB67674670EB}.Debug|Any CPU.Build.0 = Debug|Any CPU
		{CD90EAD9-5FB1-4B34-B480-EB67674670EB}.Release|Any CPU.ActiveCfg = Release|Any CPU
		{CD90EAD9-5FB1-4B34-B480-EB67674670EB}.Release|Any CPU.Build.0 = Release|Any CPU
	EndGlobalSection
	GlobalSection(SolutionProperties) = preSolution
		HideSolutionNode = FALSE
	EndGlobalSection
	GlobalSection(ExtensibilityGlobals) = postSolution
		SolutionGuid = {4937F7D4-9784-454A-90C3-CFC4FD96F636}
	EndGlobalSection
EndGlobal
